// !$*UTF8*$!
{
	archiveVersion = 1;
	classes = {
	};
	objectVersion = 48;
	objects = {

/* Begin PBXBuildFile section */
		CE2395191F46BD7900F1D8E5 /* Matrix.swift in Sources */ = {isa = PBXBuildFile; fileRef = CE2395181F46BD7900F1D8E5 /* Matrix.swift */; };
		CE5F3A7B1F3BCF8C00177977 /* RouterViewController.swift in Sources */ = {isa = PBXBuildFile; fileRef = CE5F3A7A1F3BCF8C00177977 /* RouterViewController.swift */; };
		CE5F3A7D1F3BD55B00177977 /* Router.swift in Sources */ = {isa = PBXBuildFile; fileRef = CE5F3A7C1F3BD55B00177977 /* Router.swift */; };
		CE5F3A7F1F3BD57500177977 /* Tool.swift in Sources */ = {isa = PBXBuildFile; fileRef = CE5F3A7E1F3BD57500177977 /* Tool.swift */; };
		CE5F3A811F3C313C00177977 /* RouterManager.swift in Sources */ = {isa = PBXBuildFile; fileRef = CE5F3A801F3C313C00177977 /* RouterManager.swift */; };
		CE5F3A831F3CC0CE00177977 /* StepNode.swift in Sources */ = {isa = PBXBuildFile; fileRef = CE5F3A821F3CC0CE00177977 /* StepNode.swift */; };
		CE5F3A891F3D0B8000177977 /* Plane.swift in Sources */ = {isa = PBXBuildFile; fileRef = CE5F3A881F3D0B8000177977 /* Plane.swift */; };
		CEB6A7991F3192E600614E02 /* AppDelegate.swift in Sources */ = {isa = PBXBuildFile; fileRef = CEB6A7981F3192E600614E02 /* AppDelegate.swift */; };
		CEB6A79B1F3192E600614E02 /* art.scnassets in Resources */ = {isa = PBXBuildFile; fileRef = CEB6A79A1F3192E600614E02 /* art.scnassets */; };
		CEB6A79D1F3192E600614E02 /* ViewController.swift in Sources */ = {isa = PBXBuildFile; fileRef = CEB6A79C1F3192E600614E02 /* ViewController.swift */; };
		CEB6A7A01F3192E600614E02 /* Main.storyboard in Resources */ = {isa = PBXBuildFile; fileRef = CEB6A79E1F3192E600614E02 /* Main.storyboard */; };
		CEB6A7A21F3192E600614E02 /* Assets.xcassets in Resources */ = {isa = PBXBuildFile; fileRef = CEB6A7A11F3192E600614E02 /* Assets.xcassets */; };
		CEB6A7A51F3192E600614E02 /* LaunchScreen.storyboard in Resources */ = {isa = PBXBuildFile; fileRef = CEB6A7A31F3192E600614E02 /* LaunchScreen.storyboard */; };
		CEB6A7B01F3192E600614E02 /* SplineARTests.swift in Sources */ = {isa = PBXBuildFile; fileRef = CEB6A7AF1F3192E600614E02 /* SplineARTests.swift */; };
		CEB6A7BB1F3192E600614E02 /* SplineARUITests.swift in Sources */ = {isa = PBXBuildFile; fileRef = CEB6A7BA1F3192E600614E02 /* SplineARUITests.swift */; };
		CEEA4FAF1F39068700E6F88A /* CRSpline.swift in Sources */ = {isa = PBXBuildFile; fileRef = CEEA4FAE1F39068700E6F88A /* CRSpline.swift */; };
/* End PBXBuildFile section */

/* Begin PBXContainerItemProxy section */
		CEB6A7AC1F3192E600614E02 /* PBXContainerItemProxy */ = {
			isa = PBXContainerItemProxy;
			containerPortal = CEB6A78D1F3192E600614E02 /* Project object */;
			proxyType = 1;
			remoteGlobalIDString = CEB6A7941F3192E600614E02;
			remoteInfo = SplineAR;
		};
		CEB6A7B71F3192E600614E02 /* PBXContainerItemProxy */ = {
			isa = PBXContainerItemProxy;
			containerPortal = CEB6A78D1F3192E600614E02 /* Project object */;
			proxyType = 1;
			remoteGlobalIDString = CEB6A7941F3192E600614E02;
			remoteInfo = SplineAR;
		};
/* End PBXContainerItemProxy section */

/* Begin PBXFileReference section */
		CE2395181F46BD7900F1D8E5 /* Matrix.swift */ = {isa = PBXFileReference; lastKnownFileType = sourcecode.swift; path = Matrix.swift; sourceTree = "<group>"; };
		CE5F3A7A1F3BCF8C00177977 /* RouterViewController.swift */ = {isa = PBXFileReference; lastKnownFileType = sourcecode.swift; path = RouterViewController.swift; sourceTree = "<group>"; };
		CE5F3A7C1F3BD55B00177977 /* Router.swift */ = {isa = PBXFileReference; lastKnownFileType = sourcecode.swift; path = Router.swift; sourceTree = "<group>"; };
		CE5F3A7E1F3BD57500177977 /* Tool.swift */ = {isa = PBXFileReference; lastKnownFileType = sourcecode.swift; path = Tool.swift; sourceTree = "<group>"; };
		CE5F3A801F3C313C00177977 /* RouterManager.swift */ = {isa = PBXFileReference; lastKnownFileType = sourcecode.swift; path = RouterManager.swift; sourceTree = "<group>"; };
		CE5F3A821F3CC0CE00177977 /* StepNode.swift */ = {isa = PBXFileReference; lastKnownFileType = sourcecode.swift; path = StepNode.swift; sourceTree = "<group>"; };
		CE5F3A881F3D0B8000177977 /* Plane.swift */ = {isa = PBXFileReference; lastKnownFileType = sourcecode.swift; path = Plane.swift; sourceTree = "<group>"; };
		CEB6A7951F3192E600614E02 /* SplineAR.app */ = {isa = PBXFileReference; explicitFileType = wrapper.application; includeInIndex = 0; path = SplineAR.app; sourceTree = BUILT_PRODUCTS_DIR; };
		CEB6A7981F3192E600614E02 /* AppDelegate.swift */ = {isa = PBXFileReference; lastKnownFileType = sourcecode.swift; path = AppDelegate.swift; sourceTree = "<group>"; };
		CEB6A79A1F3192E600614E02 /* art.scnassets */ = {isa = PBXFileReference; lastKnownFileType = wrapper.scnassets; path = art.scnassets; sourceTree = "<group>"; };
		CEB6A79C1F3192E600614E02 /* ViewController.swift */ = {isa = PBXFileReference; lastKnownFileType = sourcecode.swift; path = ViewController.swift; sourceTree = "<group>"; };
		CEB6A79F1F3192E600614E02 /* Base */ = {isa = PBXFileReference; lastKnownFileType = file.storyboard; name = Base; path = Base.lproj/Main.storyboard; sourceTree = "<group>"; };
		CEB6A7A11F3192E600614E02 /* Assets.xcassets */ = {isa = PBXFileReference; lastKnownFileType = folder.assetcatalog; path = Assets.xcassets; sourceTree = "<group>"; };
		CEB6A7A41F3192E600614E02 /* Base */ = {isa = PBXFileReference; lastKnownFileType = file.storyboard; name = Base; path = Base.lproj/LaunchScreen.storyboard; sourceTree = "<group>"; };
		CEB6A7A61F3192E600614E02 /* Info.plist */ = {isa = PBXFileReference; lastKnownFileType = text.plist.xml; path = Info.plist; sourceTree = "<group>"; };
		CEB6A7AB1F3192E600614E02 /* SplineARTests.xctest */ = {isa = PBXFileReference; explicitFileType = wrapper.cfbundle; includeInIndex = 0; path = SplineARTests.xctest; sourceTree = BUILT_PRODUCTS_DIR; };
		CEB6A7AF1F3192E600614E02 /* SplineARTests.swift */ = {isa = PBXFileReference; lastKnownFileType = sourcecode.swift; path = SplineARTests.swift; sourceTree = "<group>"; };
		CEB6A7B11F3192E600614E02 /* Info.plist */ = {isa = PBXFileReference; lastKnownFileType = text.plist.xml; path = Info.plist; sourceTree = "<group>"; };
		CEB6A7B61F3192E600614E02 /* SplineARUITests.xctest */ = {isa = PBXFileReference; explicitFileType = wrapper.cfbundle; includeInIndex = 0; path = SplineARUITests.xctest; sourceTree = BUILT_PRODUCTS_DIR; };
		CEB6A7BA1F3192E600614E02 /* SplineARUITests.swift */ = {isa = PBXFileReference; lastKnownFileType = sourcecode.swift; path = SplineARUITests.swift; sourceTree = "<group>"; };
		CEB6A7BC1F3192E600614E02 /* Info.plist */ = {isa = PBXFileReference; lastKnownFileType = text.plist.xml; path = Info.plist; sourceTree = "<group>"; };
		CEEA4FAE1F39068700E6F88A /* CRSpline.swift */ = {isa = PBXFileReference; lastKnownFileType = sourcecode.swift; path = CRSpline.swift; sourceTree = "<group>"; };
/* End PBXFileReference section */

/* Begin PBXFrameworksBuildPhase section */
		CEB6A7921F3192E600614E02 /* Frameworks */ = {
			isa = PBXFrameworksBuildPhase;
			buildActionMask = 2147483647;
			files = (
			);
			runOnlyForDeploymentPostprocessing = 0;
		};
		CEB6A7A81F3192E600614E02 /* Frameworks */ = {
			isa = PBXFrameworksBuildPhase;
			buildActionMask = 2147483647;
			files = (
			);
			runOnlyForDeploymentPostprocessing = 0;
		};
		CEB6A7B31F3192E600614E02 /* Frameworks */ = {
			isa = PBXFrameworksBuildPhase;
			buildActionMask = 2147483647;
			files = (
			);
			runOnlyForDeploymentPostprocessing = 0;
		};
/* End PBXFrameworksBuildPhase section */

/* Begin PBXGroup section */
		CEB6A78C1F3192E600614E02 = {
			isa = PBXGroup;
			children = (
				CEB6A7971F3192E600614E02 /* SplineAR */,
				CEB6A7AE1F3192E600614E02 /* SplineARTests */,
				CEB6A7B91F3192E600614E02 /* SplineARUITests */,
				CEB6A7961F3192E600614E02 /* Products */,
			);
			sourceTree = "<group>";
		};
		CEB6A7961F3192E600614E02 /* Products */ = {
			isa = PBXGroup;
			children = (
				CEB6A7951F3192E600614E02 /* SplineAR.app */,
				CEB6A7AB1F3192E600614E02 /* SplineARTests.xctest */,
				CEB6A7B61F3192E600614E02 /* SplineARUITests.xctest */,
			);
			name = Products;
			sourceTree = "<group>";
		};
		CEB6A7971F3192E600614E02 /* SplineAR */ = {
			isa = PBXGroup;
			children = (
				CEB6A7981F3192E600614E02 /* AppDelegate.swift */,
				CEB6A79A1F3192E600614E02 /* art.scnassets */,
				CEB6A79C1F3192E600614E02 /* ViewController.swift */,
				CE5F3A7A1F3BCF8C00177977 /* RouterViewController.swift */,
				CE2395181F46BD7900F1D8E5 /* Matrix.swift */,
				CE5F3A881F3D0B8000177977 /* Plane.swift */,
				CE5F3A801F3C313C00177977 /* RouterManager.swift */,
				CE5F3A7C1F3BD55B00177977 /* Router.swift */,
				CE5F3A821F3CC0CE00177977 /* StepNode.swift */,
				CE5F3A7E1F3BD57500177977 /* Tool.swift */,
				CEEA4FAE1F39068700E6F88A /* CRSpline.swift */,
				CEB6A79E1F3192E600614E02 /* Main.storyboard */,
				CEB6A7A11F3192E600614E02 /* Assets.xcassets */,
				CEB6A7A31F3192E600614E02 /* LaunchScreen.storyboard */,
				CEB6A7A61F3192E600614E02 /* Info.plist */,
			);
			path = SplineAR;
			sourceTree = "<group>";
		};
		CEB6A7AE1F3192E600614E02 /* SplineARTests */ = {
			isa = PBXGroup;
			children = (
				CEB6A7AF1F3192E600614E02 /* SplineARTests.swift */,
				CEB6A7B11F3192E600614E02 /* Info.plist */,
			);
			path = SplineARTests;
			sourceTree = "<group>";
		};
		CEB6A7B91F3192E600614E02 /* SplineARUITests */ = {
			isa = PBXGroup;
			children = (
				CEB6A7BA1F3192E600614E02 /* SplineARUITests.swift */,
				CEB6A7BC1F3192E600614E02 /* Info.plist */,
			);
			path = SplineARUITests;
			sourceTree = "<group>";
		};
/* End PBXGroup section */

/* Begin PBXNativeTarget section */
		CEB6A7941F3192E600614E02 /* SplineAR */ = {
			isa = PBXNativeTarget;
			buildConfigurationList = CEB6A7BF1F3192E600614E02 /* Build configuration list for PBXNativeTarget "SplineAR" */;
			buildPhases = (
				CEB6A7911F3192E600614E02 /* Sources */,
				CEB6A7921F3192E600614E02 /* Frameworks */,
				CEB6A7931F3192E600614E02 /* Resources */,
			);
			buildRules = (
			);
			dependencies = (
			);
			name = SplineAR;
			productName = SplineAR;
			productReference = CEB6A7951F3192E600614E02 /* SplineAR.app */;
			productType = "com.apple.product-type.application";
		};
		CEB6A7AA1F3192E600614E02 /* SplineARTests */ = {
			isa = PBXNativeTarget;
			buildConfigurationList = CEB6A7C21F3192E600614E02 /* Build configuration list for PBXNativeTarget "SplineARTests" */;
			buildPhases = (
				CEB6A7A71F3192E600614E02 /* Sources */,
				CEB6A7A81F3192E600614E02 /* Frameworks */,
				CEB6A7A91F3192E600614E02 /* Resources */,
			);
			buildRules = (
			);
			dependencies = (
				CEB6A7AD1F3192E600614E02 /* PBXTargetDependency */,
			);
			name = SplineARTests;
			productName = SplineARTests;
			productReference = CEB6A7AB1F3192E600614E02 /* SplineARTests.xctest */;
			productType = "com.apple.product-type.bundle.unit-test";
		};
		CEB6A7B51F3192E600614E02 /* SplineARUITests */ = {
			isa = PBXNativeTarget;
			buildConfigurationList = CEB6A7C51F3192E600614E02 /* Build configuration list for PBXNativeTarget "SplineARUITests" */;
			buildPhases = (
				CEB6A7B21F3192E600614E02 /* Sources */,
				CEB6A7B31F3192E600614E02 /* Frameworks */,
				CEB6A7B41F3192E600614E02 /* Resources */,
			);
			buildRules = (
			);
			dependencies = (
				CEB6A7B81F3192E600614E02 /* PBXTargetDependency */,
			);
			name = SplineARUITests;
			productName = SplineARUITests;
			productReference = CEB6A7B61F3192E600614E02 /* SplineARUITests.xctest */;
			productType = "com.apple.product-type.bundle.ui-testing";
		};
/* End PBXNativeTarget section */

/* Begin PBXProject section */
		CEB6A78D1F3192E600614E02 /* Project object */ = {
			isa = PBXProject;
			attributes = {
				LastSwiftUpdateCheck = 0900;
				LastUpgradeCheck = 0900;
				ORGANIZATIONNAME = "Chen, Rena";
				TargetAttributes = {
					CEB6A7941F3192E600614E02 = {
						CreatedOnToolsVersion = 9.0;
					};
					CEB6A7AA1F3192E600614E02 = {
						CreatedOnToolsVersion = 9.0;
						TestTargetID = CEB6A7941F3192E600614E02;
					};
					CEB6A7B51F3192E600614E02 = {
						CreatedOnToolsVersion = 9.0;
						TestTargetID = CEB6A7941F3192E600614E02;
					};
				};
			};
			buildConfigurationList = CEB6A7901F3192E600614E02 /* Build configuration list for PBXProject "SplineAR" */;
			compatibilityVersion = "Xcode 8.0";
			developmentRegion = en;
			hasScannedForEncodings = 0;
			knownRegions = (
				en,
				Base,
			);
			mainGroup = CEB6A78C1F3192E600614E02;
			productRefGroup = CEB6A7961F3192E600614E02 /* Products */;
			projectDirPath = "";
			projectRoot = "";
			targets = (
				CEB6A7941F3192E600614E02 /* SplineAR */,
				CEB6A7AA1F3192E600614E02 /* SplineARTests */,
				CEB6A7B51F3192E600614E02 /* SplineARUITests */,
			);
		};
/* End PBXProject section */

/* Begin PBXResourcesBuildPhase section */
		CEB6A7931F3192E600614E02 /* Resources */ = {
			isa = PBXResourcesBuildPhase;
			buildActionMask = 2147483647;
			files = (
				CEB6A79B1F3192E600614E02 /* art.scnassets in Resources */,
				CEB6A7A51F3192E600614E02 /* LaunchScreen.storyboard in Resources */,
				CEB6A7A21F3192E600614E02 /* Assets.xcassets in Resources */,
				CEB6A7A01F3192E600614E02 /* Main.storyboard in Resources */,
			);
			runOnlyForDeploymentPostprocessing = 0;
		};
		CEB6A7A91F3192E600614E02 /* Resources */ = {
			isa = PBXResourcesBuildPhase;
			buildActionMask = 2147483647;
			files = (
			);
			runOnlyForDeploymentPostprocessing = 0;
		};
		CEB6A7B41F3192E600614E02 /* Resources */ = {
			isa = PBXResourcesBuildPhase;
			buildActionMask = 2147483647;
			files = (
			);
			runOnlyForDeploymentPostprocessing = 0;
		};
/* End PBXResourcesBuildPhase section */

/* Begin PBXSourcesBuildPhase section */
		CEB6A7911F3192E600614E02 /* Sources */ = {
			isa = PBXSourcesBuildPhase;
			buildActionMask = 2147483647;
			files = (
				CEEA4FAF1F39068700E6F88A /* CRSpline.swift in Sources */,
				CE5F3A891F3D0B8000177977 /* Plane.swift in Sources */,
				CE5F3A7B1F3BCF8C00177977 /* RouterViewController.swift in Sources */,
				CE5F3A811F3C313C00177977 /* RouterManager.swift in Sources */,
				CE5F3A831F3CC0CE00177977 /* StepNode.swift in Sources */,
				CE5F3A7D1F3BD55B00177977 /* Router.swift in Sources */,
				CE2395191F46BD7900F1D8E5 /* Matrix.swift in Sources */,
				CE5F3A7F1F3BD57500177977 /* Tool.swift in Sources */,
				CEB6A79D1F3192E600614E02 /* ViewController.swift in Sources */,
				CEB6A7991F3192E600614E02 /* AppDelegate.swift in Sources */,
			);
			runOnlyForDeploymentPostprocessing = 0;
		};
		CEB6A7A71F3192E600614E02 /* Sources */ = {
			isa = PBXSourcesBuildPhase;
			buildActionMask = 2147483647;
			files = (
				CEB6A7B01F3192E600614E02 /* SplineARTests.swift in Sources */,
			);
			runOnlyForDeploymentPostprocessing = 0;
		};
		CEB6A7B21F3192E600614E02 /* Sources */ = {
			isa = PBXSourcesBuildPhase;
			buildActionMask = 2147483647;
			files = (
				CEB6A7BB1F3192E600614E02 /* SplineARUITests.swift in Sources */,
			);
			runOnlyForDeploymentPostprocessing = 0;
		};
/* End PBXSourcesBuildPhase section */

/* Begin PBXTargetDependency section */
		CEB6A7AD1F3192E600614E02 /* PBXTargetDependency */ = {
			isa = PBXTargetDependency;
			target = CEB6A7941F3192E600614E02 /* SplineAR */;
			targetProxy = CEB6A7AC1F3192E600614E02 /* PBXContainerItemProxy */;
		};
		CEB6A7B81F3192E600614E02 /* PBXTargetDependency */ = {
			isa = PBXTargetDependency;
			target = CEB6A7941F3192E600614E02 /* SplineAR */;
			targetProxy = CEB6A7B71F3192E600614E02 /* PBXContainerItemProxy */;
		};
/* End PBXTargetDependency section */

/* Begin PBXVariantGroup section */
		CEB6A79E1F3192E600614E02 /* Main.storyboard */ = {
			isa = PBXVariantGroup;
			children = (
				CEB6A79F1F3192E600614E02 /* Base */,
			);
			name = Main.storyboard;
			sourceTree = "<group>";
		};
		CEB6A7A31F3192E600614E02 /* LaunchScreen.storyboard */ = {
			isa = PBXVariantGroup;
			children = (
				CEB6A7A41F3192E600614E02 /* Base */,
			);
			name = LaunchScreen.storyboard;
			sourceTree = "<group>";
		};
/* End PBXVariantGroup section */

/* Begin XCBuildConfiguration section */
		CEB6A7BD1F3192E600614E02 /* Debug */ = {
			isa = XCBuildConfiguration;
			buildSettings = {
				ALWAYS_SEARCH_USER_PATHS = NO;
				CLANG_ANALYZER_NONNULL = YES;
				CLANG_ANALYZER_NUMBER_OBJECT_CONVERSION = YES_AGGRESSIVE;
				CLANG_CXX_LANGUAGE_STANDARD = "gnu++14";
				CLANG_CXX_LIBRARY = "libc++";
				CLANG_ENABLE_MODULES = YES;
				CLANG_ENABLE_OBJC_ARC = YES;
				CLANG_WARN_BLOCK_CAPTURE_AUTORELEASING = YES;
				CLANG_WARN_BOOL_CONVERSION = YES;
				CLANG_WARN_COMMA = YES;
				CLANG_WARN_CONSTANT_CONVERSION = YES;
				CLANG_WARN_DIRECT_OBJC_ISA_USAGE = YES_ERROR;
				CLANG_WARN_DOCUMENTATION_COMMENTS = YES;
				CLANG_WARN_EMPTY_BODY = YES;
				CLANG_WARN_ENUM_CONVERSION = YES;
				CLANG_WARN_INFINITE_RECURSION = YES;
				CLANG_WARN_INT_CONVERSION = YES;
				CLANG_WARN_OBJC_ROOT_CLASS = YES_ERROR;
				CLANG_WARN_RANGE_LOOP_ANALYSIS = YES;
				CLANG_WARN_STRICT_PROTOTYPES = YES;
				CLANG_WARN_SUSPICIOUS_MOVE = YES;
				CLANG_WARN_UNGUARDED_AVAILABILITY = YES_AGGRESSIVE;
				CLANG_WARN_UNREACHABLE_CODE = YES;
				CLANG_WARN__DUPLICATE_METHOD_MATCH = YES;
				CODE_SIGN_IDENTITY = "iPhone Developer";
				COPY_PHASE_STRIP = NO;
				DEBUG_INFORMATION_FORMAT = dwarf;
				ENABLE_STRICT_OBJC_MSGSEND = YES;
				ENABLE_TESTABILITY = YES;
				GCC_C_LANGUAGE_STANDARD = gnu11;
				GCC_DYNAMIC_NO_PIC = NO;
				GCC_NO_COMMON_BLOCKS = YES;
				GCC_OPTIMIZATION_LEVEL = 0;
				GCC_PREPROCESSOR_DEFINITIONS = (
					"DEBUG=1",
					"$(inherited)",
				);
				GCC_WARN_64_TO_32_BIT_CONVERSION = YES;
				GCC_WARN_ABOUT_RETURN_TYPE = YES_ERROR;
				GCC_WARN_UNDECLARED_SELECTOR = YES;
				GCC_WARN_UNINITIALIZED_AUTOS = YES_AGGRESSIVE;
				GCC_WARN_UNUSED_FUNCTION = YES;
				GCC_WARN_UNUSED_VARIABLE = YES;
				IPHONEOS_DEPLOYMENT_TARGET = 11.0;
				MTL_ENABLE_DEBUG_INFO = YES;
				ONLY_ACTIVE_ARCH = YES;
				SDKROOT = iphoneos;
				SWIFT_ACTIVE_COMPILATION_CONDITIONS = DEBUG;
				SWIFT_OPTIMIZATION_LEVEL = "-Onone";
			};
			name = Debug;
		};
		CEB6A7BE1F3192E600614E02 /* Release */ = {
			isa = XCBuildConfiguration;
			buildSettings = {
				ALWAYS_SEARCH_USER_PATHS = NO;
				CLANG_ANALYZER_NONNULL = YES;
				CLANG_ANALYZER_NUMBER_OBJECT_CONVERSION = YES_AGGRESSIVE;
				CLANG_CXX_LANGUAGE_STANDARD = "gnu++14";
				CLANG_CXX_LIBRARY = "libc++";
				CLANG_ENABLE_MODULES = YES;
				CLANG_ENABLE_OBJC_ARC = YES;
				CLANG_WARN_BLOCK_CAPTURE_AUTORELEASING = YES;
				CLANG_WARN_BOOL_CONVERSION = YES;
				CLANG_WARN_COMMA = YES;
				CLANG_WARN_CONSTANT_CONVERSION = YES;
				CLANG_WARN_DIRECT_OBJC_ISA_USAGE = YES_ERROR;
				CLANG_WARN_DOCUMENTATION_COMMENTS = YES;
				CLANG_WARN_EMPTY_BODY = YES;
				CLANG_WARN_ENUM_CONVERSION = YES;
				CLANG_WARN_INFINITE_RECURSION = YES;
				CLANG_WARN_INT_CONVERSION = YES;
				CLANG_WARN_OBJC_ROOT_CLASS = YES_ERROR;
				CLANG_WARN_RANGE_LOOP_ANALYSIS = YES;
				CLANG_WARN_STRICT_PROTOTYPES = YES;
				CLANG_WARN_SUSPICIOUS_MOVE = YES;
				CLANG_WARN_UNGUARDED_AVAILABILITY = YES_AGGRESSIVE;
				CLANG_WARN_UNREACHABLE_CODE = YES;
				CLANG_WARN__DUPLICATE_METHOD_MATCH = YES;
				CODE_SIGN_IDENTITY = "iPhone Developer";
				COPY_PHASE_STRIP = NO;
				DEBUG_INFORMATION_FORMAT = "dwarf-with-dsym";
				ENABLE_NS_ASSERTIONS = NO;
				ENABLE_STRICT_OBJC_MSGSEND = YES;
				GCC_C_LANGUAGE_STANDARD = gnu11;
				GCC_NO_COMMON_BLOCKS = YES;
				GCC_WARN_64_TO_32_BIT_CONVERSION = YES;
				GCC_WARN_ABOUT_RETURN_TYPE = YES_ERROR;
				GCC_WARN_UNDECLARED_SELECTOR = YES;
				GCC_WARN_UNINITIALIZED_AUTOS = YES_AGGRESSIVE;
				GCC_WARN_UNUSED_FUNCTION = YES;
				GCC_WARN_UNUSED_VARIABLE = YES;
				IPHONEOS_DEPLOYMENT_TARGET = 11.0;
				MTL_ENABLE_DEBUG_INFO = NO;
				SDKROOT = iphoneos;
				SWIFT_OPTIMIZATION_LEVEL = "-Owholemodule";
				VALIDATE_PRODUCT = YES;
			};
			name = Release;
		};
		CEB6A7C01F3192E600614E02 /* Debug */ = {
			isa = XCBuildConfiguration;
			buildSettings = {
				ASSETCATALOG_COMPILER_APPICON_NAME = AppIcon;
				DEVELOPMENT_TEAM = 5HJ9N9L4PS;
				INFOPLIST_FILE = SplineAR/Info.plist;
				LD_RUNPATH_SEARCH_PATHS = "$(inherited) @executable_path/Frameworks";
				PRODUCT_BUNDLE_IDENTIFIER = com.demo.SplineAR;
				PRODUCT_NAME = "$(TARGET_NAME)";
				SWIFT_VERSION = 4.0;
				TARGETED_DEVICE_FAMILY = "1,2";
			};
			name = Debug;
		};
		CEB6A7C11F3192E600614E02 /* Release */ = {
			isa = XCBuildConfiguration;
			buildSettings = {
				ASSETCATALOG_COMPILER_APPICON_NAME = AppIcon;
				DEVELOPMENT_TEAM = 5HJ9N9L4PS;
				INFOPLIST_FILE = SplineAR/Info.plist;
				LD_RUNPATH_SEARCH_PATHS = "$(inherited) @executable_path/Frameworks";
				PRODUCT_BUNDLE_IDENTIFIER = com.demo.SplineAR;
				PRODUCT_NAME = "$(TARGET_NAME)";
				SWIFT_VERSION = 4.0;
				TARGETED_DEVICE_FAMILY = "1,2";
			};
			name = Release;
		};
		CEB6A7C31F3192E600614E02 /* Debug */ = {
			isa = XCBuildConfiguration;
			buildSettings = {
				ALWAYS_EMBED_SWIFT_STANDARD_LIBRARIES = YES;
				BUNDLE_LOADER = "$(TEST_HOST)";
				DEVELOPMENT_TEAM = 5HJ9N9L4PS;
				INFOPLIST_FILE = SplineARTests/Info.plist;
				LD_RUNPATH_SEARCH_PATHS = "$(inherited) @executable_path/Frameworks @loader_path/Frameworks";
				PRODUCT_BUNDLE_IDENTIFIER = com.demo.SplineARTests;
				PRODUCT_NAME = "$(TARGET_NAME)";
				SWIFT_VERSION = 4.0;
				TARGETED_DEVICE_FAMILY = "1,2";
				TEST_HOST = "$(BUILT_PRODUCTS_DIR)/SplineAR.app/SplineAR";
			};
			name = Debug;
		};
		CEB6A7C41F3192E600614E02 /* Release */ = {
			isa = XCBuildConfiguration;
			buildSettings = {
				ALWAYS_EMBED_SWIFT_STANDARD_LIBRARIES = YES;
				BUNDLE_LOADER = "$(TEST_HOST)";
				DEVELOPMENT_TEAM = 5HJ9N9L4PS;
				INFOPLIST_FILE = SplineARTests/Info.plist;
				LD_RUNPATH_SEARCH_PATHS = "$(inherited) @executable_path/Frameworks @loader_path/Frameworks";
				PRODUCT_BUNDLE_IDENTIFIER = com.demo.SplineARTests;
				PRODUCT_NAME = "$(TARGET_NAME)";
				SWIFT_VERSION = 4.0;
				TARGETED_DEVICE_FAMILY = "1,2";
				TEST_HOST = "$(BUILT_PRODUCTS_DIR)/SplineAR.app/SplineAR";
			};
			name = Release;
		};
		CEB6A7C61F3192E600614E02 /* Debug */ = {
			isa = XCBuildConfiguration;
			buildSettings = {
				ALWAYS_EMBED_SWIFT_STANDARD_LIBRARIES = YES;
				DEVELOPMENT_TEAM = 5HJ9N9L4PS;
				INFOPLIST_FILE = SplineARUITests/Info.plist;
				LD_RUNPATH_SEARCH_PATHS = "$(inherited) @executable_path/Frameworks @loader_path/Frameworks";
				PRODUCT_BUNDLE_IDENTIFIER = com.demo.SplineARUITests;
				PRODUCT_NAME = "$(TARGET_NAME)";
				SWIFT_VERSION = 4.0;
				TARGETED_DEVICE_FAMILY = "1,2";
				TEST_TARGET_NAME = SplineAR;
			};
			name = Debug;
		};
		CEB6A7C71F3192E600614E02 /* Release */ = {
			isa = XCBuildConfiguration;
			buildSettings = {
				ALWAYS_EMBED_SWIFT_STANDARD_LIBRARIES = YES;
				DEVELOPMENT_TEAM = 5HJ9N9L4PS;
				INFOPLIST_FILE = SplineARUITests/Info.plist;
				LD_RUNPATH_SEARCH_PATHS = "$(inherited) @executable_path/Frameworks @loader_path/Frameworks";
				PRODUCT_BUNDLE_IDENTIFIER = com.demo.SplineARUITests;
				PRODUCT_NAME = "$(TARGET_NAME)";
				SWIFT_VERSION = 4.0;
				TARGETED_DEVICE_FAMILY = "1,2";
				TEST_TARGET_NAME = SplineAR;
			};
			name = Release;
		};
/* End XCBuildConfiguration section */

/* Begin XCConfigurationList section */
		CEB6A7901F3192E600614E02 /* Build configuration list for PBXProject "SplineAR" */ = {
			isa = XCConfigurationList;
			buildConfigurations = (
				CEB6A7BD1F3192E600614E02 /* Debug */,
				CEB6A7BE1F3192E600614E02 /* Release */,
			);
			defaultConfigurationIsVisible = 0;
			defaultConfigurationName = Release;
		};
		CEB6A7BF1F3192E600614E02 /* Build configuration list for PBXNativeTarget "SplineAR" */ = {
			isa = XCConfigurationList;
			buildConfigurations = (
				CEB6A7C01F3192E600614E02 /* Debug */,
				CEB6A7C11F3192E600614E02 /* Release */,
			);
			defaultConfigurationIsVisible = 0;
			defaultConfigurationName = Release;
		};
		CEB6A7C21F3192E600614E02 /* Build configuration list for PBXNativeTarget "SplineARTests" */ = {
			isa = XCConfigurationList;
			buildConfigurations = (
				CEB6A7C31F3192E600614E02 /* Debug */,
				CEB6A7C41F3192E600614E02 /* Release */,
			);
			defaultConfigurationIsVisible = 0;
			defaultConfigurationName = Release;
		};
		CEB6A7C51F3192E600614E02 /* Build configuration list for PBXNativeTarget "SplineARUITests" */ = {
			isa = XCConfigurationList;
			buildConfigurations = (
				CEB6A7C61F3192E600614E02 /* Debug */,
				CEB6A7C71F3192E600614E02 /* Release */,
			);
			defaultConfigurationIsVisible = 0;
			defaultConfigurationName = Release;
		};
/* End XCConfigurationList section */
	};
	rootObject = CEB6A78D1F3192E600614E02 /* Project object */;
}
